
Microsoft Visual Studio Solution File, Format Version 12.00
# Visual Studio Version 17
VisualStudioVersion = 17.10.35004.147
MinimumVisualStudioVersion = 10.0.40219.1
Project("{9A19103F-16F7-4668-BE54-9A1E7A4F7556}") = "CocovoitAPI", "CocovoitAPI\CocovoitAPI.csproj", "{C150A781-95D2-49FB-B466-F59E27F1AF64}"
EndProject
Project("{FAE04EC0-301F-11D3-BF4B-00C04F79EFBC}") = "CocovoitAPITest", "CocovoitAPITest\CocovoitAPITest.csproj", "{470FA6B7-4273-46BE-B74F-7CF98DD40F20}"
EndProject
Global
	GlobalSection(SolutionConfigurationPlatforms) = preSolution
		Debug|Any CPU = Debug|Any CPU
		Release|Any CPU = Release|Any CPU
	EndGlobalSection
	GlobalSection(ProjectConfigurationPlatforms) = postSolution
		{C150A781-95D2-49FB-B466-F59E27F1AF64}.Debug|Any CPU.ActiveCfg = Debug|Any CPU
		{C150A781-95D2-49FB-B466-F59E27F1AF64}.Debug|Any CPU.Build.0 = Debug|Any CPU
		{C150A781-95D2-49FB-B466-F59E27F1AF64}.Release|Any CPU.ActiveCfg = Release|Any CPU
		{C150A781-95D2-49FB-B466-F59E27F1AF64}.Release|Any CPU.Build.0 = Release|Any CPU
		{470FA6B7-4273-46BE-B74F-7CF98DD40F20}.Debug|Any CPU.ActiveCfg = Debug|Any CPU
		{470FA6B7-4273-46BE-B74F-7CF98DD40F20}.Debug|Any CPU.Build.0 = Debug|Any CPU
		{470FA6B7-4273-46BE-B74F-7CF98DD40F20}.Release|Any CPU.ActiveCfg = Release|Any CPU
		{470FA6B7-4273-46BE-B74F-7CF98DD40F20}.Release|Any CPU.Build.0 = Release|Any CPU
	EndGlobalSection
	GlobalSection(SolutionProperties) = preSolution
		HideSolutionNode = FALSE
	EndGlobalSection
	GlobalSection(ExtensibilityGlobals) = postSolution
		SolutionGuid = {EC561D6A-0BFF-48A1-808B-1BB87419DCF8}
	EndGlobalSection
EndGlobal
